Microsoft Visual Studio Solution File, Format Version 12.00
# Visual Studio 2012
Project("{FAE04EC0-301F-11D3-BF4B-00C04F79EFBC}") = "SFS_Connector_GD4", "SFS_Connector_GD4.csproj", "{44A38AD0-B1FD-4953-8DF2-EA5BE4CA48D5}"
EndProject
Global
	GlobalSection(SolutionConfigurationPlatforms) = preSolution
	Debug|Any CPU = Debug|Any CPU
	ExportDebug|Any CPU = ExportDebug|Any CPU
	ExportRelease|Any CPU = ExportRelease|Any CPU
	EndGlobalSection
	GlobalSection(ProjectConfigurationPlatforms) = postSolution
		{44A38AD0-B1FD-4953-8DF2-EA5BE4CA48D5}.Debug|Any CPU.ActiveCfg = Debug|Any CPU
		{44A38AD0-B1FD-4953-8DF2-EA5BE4CA48D5}.Debug|Any CPU.Build.0 = Debug|Any CPU
		{44A38AD0-B1FD-4953-8DF2-EA5BE4CA48D5}.ExportDebug|Any CPU.ActiveCfg = ExportDebug|Any CPU
		{44A38AD0-B1FD-4953-8DF2-EA5BE4CA48D5}.ExportDebug|Any CPU.Build.0 = ExportDebug|Any CPU
		{44A38AD0-B1FD-4953-8DF2-EA5BE4CA48D5}.ExportRelease|Any CPU.ActiveCfg = ExportRelease|Any CPU
		{44A38AD0-B1FD-4953-8DF2-EA5BE4CA48D5}.ExportRelease|Any CPU.Build.0 = ExportRelease|Any CPU
	EndGlobalSection
EndGlobal
